
Microsoft Visual Studio Solution File, Format Version 12.00
# Visual Studio Version 17
VisualStudioVersion = 17.14.36511.14
MinimumVisualStudioVersion = 10.0.40219.1
Project("{FAE04EC0-301F-11D3-BF4B-00C04F79EFBC}") = "RabbitMQProject.Publisher", "RabbitMQProject.Publisher\RabbitMQProject.Publisher.csproj", "{B9D9F357-0D7C-44CB-85D0-761C58634E29}"
EndProject
Project("{FAE04EC0-301F-11D3-BF4B-00C04F79EFBC}") = "Consumer", "Consumer\Consumer.csproj", "{A1B2C3D4-E5F6-7890-ABCD-EF1234567890}"
EndProject
Project("{FAE04EC0-301F-11D3-BF4B-00C04F79EFBC}") = "DirectExchange.Publisher", "DirectExchange.Publisher\DirectExchange.Publisher.csproj", "{0CD51F73-CFFD-439D-A547-A1BE1746E839}"
EndProject
Project("{FAE04EC0-301F-11D3-BF4B-00C04F79EFBC}") = "DirectExchange.Consumer", "DirectExchange.Consumer\DirectExchange.Consumer.csproj", "{B15C884D-6F14-4875-BCB9-2F9AE341EAD0}"
EndProject
Project("{FAE04EC0-301F-11D3-BF4B-00C04F79EFBC}") = "FanoutExchange.Publisher", "FanoutExchange.Publisher\FanoutExchange.Publisher.csproj", "{C24DBCC4-5FB7-4681-82BF-FA7516F95AC6}"
EndProject
Project("{FAE04EC0-301F-11D3-BF4B-00C04F79EFBC}") = "FanoutExchange.Consumer", "FanoutExchange.Consumer\FanoutExchange.Consumer.csproj", "{95BA0750-110F-43E1-A995-8E94142A6C83}"
EndProject
Project("{FAE04EC0-301F-11D3-BF4B-00C04F79EFBC}") = "TopicExchange.Publisher", "TopicExchange.Publisher\TopicExchange.Publisher.csproj", "{34C75CD0-E231-4DCA-A65E-32566E488705}"
EndProject
Project("{FAE04EC0-301F-11D3-BF4B-00C04F79EFBC}") = "TopicExchange.Consumer", "TopicExchange.Consumer\TopicExchange.Consumer.csproj", "{54780A7F-0A9F-4075-A63A-C97A27C7C394}"
EndProject
Project("{FAE04EC0-301F-11D3-BF4B-00C04F79EFBC}") = "MessageTemplate.Publisher", "MessageTemplate.Publisher\MessageTemplate.Publisher.csproj", "{A2B3C4D5-E6F7-8901-BCDE-F123456789AB}"
EndProject
Project("{FAE04EC0-301F-11D3-BF4B-00C04F79EFBC}") = "MessageTemplate.Consumer", "MessageTemplate.Consumer\MessageTemplate.Consumer.csproj", "{B3C4D5E6-F7A8-9012-CDEF-123456789ABC}"
EndProject
Global
	GlobalSection(SolutionConfigurationPlatforms) = preSolution
		Debug|Any CPU = Debug|Any CPU
		Release|Any CPU = Release|Any CPU
	EndGlobalSection
	GlobalSection(ProjectConfigurationPlatforms) = postSolution
		{B9D9F357-0D7C-44CB-85D0-761C58634E29}.Debug|Any CPU.ActiveCfg = Debug|Any CPU
		{B9D9F357-0D7C-44CB-85D0-761C58634E29}.Debug|Any CPU.Build.0 = Debug|Any CPU
		{B9D9F357-0D7C-44CB-85D0-761C58634E29}.Release|Any CPU.ActiveCfg = Release|Any CPU
		{B9D9F357-0D7C-44CB-85D0-761C58634E29}.Release|Any CPU.Build.0 = Release|Any CPU
		{A1B2C3D4-E5F6-7890-ABCD-EF1234567890}.Debug|Any CPU.ActiveCfg = Debug|Any CPU
		{A1B2C3D4-E5F6-7890-ABCD-EF1234567890}.Debug|Any CPU.Build.0 = Debug|Any CPU
		{A1B2C3D4-E5F6-7890-ABCD-EF1234567890}.Release|Any CPU.ActiveCfg = Release|Any CPU
		{A1B2C3D4-E5F6-7890-ABCD-EF1234567890}.Release|Any CPU.Build.0 = Release|Any CPU
		{0CD51F73-CFFD-439D-A547-A1BE1746E839}.Debug|Any CPU.ActiveCfg = Debug|Any CPU
		{0CD51F73-CFFD-439D-A547-A1BE1746E839}.Debug|Any CPU.Build.0 = Debug|Any CPU
		{0CD51F73-CFFD-439D-A547-A1BE1746E839}.Release|Any CPU.ActiveCfg = Release|Any CPU
		{0CD51F73-CFFD-439D-A547-A1BE1746E839}.Release|Any CPU.Build.0 = Release|Any CPU
		{B15C884D-6F14-4875-BCB9-2F9AE341EAD0}.Debug|Any CPU.ActiveCfg = Debug|Any CPU
		{B15C884D-6F14-4875-BCB9-2F9AE341EAD0}.Debug|Any CPU.Build.0 = Debug|Any CPU
		{B15C884D-6F14-4875-BCB9-2F9AE341EAD0}.Release|Any CPU.ActiveCfg = Release|Any CPU
		{B15C884D-6F14-4875-BCB9-2F9AE341EAD0}.Release|Any CPU.Build.0 = Release|Any CPU
		{C24DBCC4-5FB7-4681-82BF-FA7516F95AC6}.Debug|Any CPU.ActiveCfg = Debug|Any CPU
		{C24DBCC4-5FB7-4681-82BF-FA7516F95AC6}.Debug|Any CPU.Build.0 = Debug|Any CPU
		{C24DBCC4-5FB7-4681-82BF-FA7516F95AC6}.Release|Any CPU.ActiveCfg = Release|Any CPU
		{C24DBCC4-5FB7-4681-82BF-FA7516F95AC6}.Release|Any CPU.Build.0 = Release|Any CPU
		{95BA0750-110F-43E1-A995-8E94142A6C83}.Debug|Any CPU.ActiveCfg = Debug|Any CPU
		{95BA0750-110F-43E1-A995-8E94142A6C83}.Debug|Any CPU.Build.0 = Debug|Any CPU
		{95BA0750-110F-43E1-A995-8E94142A6C83}.Release|Any CPU.ActiveCfg = Release|Any CPU
		{95BA0750-110F-43E1-A995-8E94142A6C83}.Release|Any CPU.Build.0 = Release|Any CPU
		{34C75CD0-E231-4DCA-A65E-32566E488705}.Debug|Any CPU.ActiveCfg = Debug|Any CPU
		{34C75CD0-E231-4DCA-A65E-32566E488705}.Debug|Any CPU.Build.0 = Debug|Any CPU
		{34C75CD0-E231-4DCA-A65E-32566E488705}.Release|Any CPU.ActiveCfg = Release|Any CPU
		{34C75CD0-E231-4DCA-A65E-32566E488705}.Release|Any CPU.Build.0 = Release|Any CPU
		{54780A7F-0A9F-4075-A63A-C97A27C7C394}.Debug|Any CPU.ActiveCfg = Debug|Any CPU
		{54780A7F-0A9F-4075-A63A-C97A27C7C394}.Debug|Any CPU.Build.0 = Debug|Any CPU
		{54780A7F-0A9F-4075-A63A-C97A27C7C394}.Release|Any CPU.ActiveCfg = Release|Any CPU
		{54780A7F-0A9F-4075-A63A-C97A27C7C394}.Release|Any CPU.Build.0 = Release|Any CPU
		{A2B3C4D5-E6F7-8901-BCDE-F123456789AB}.Debug|Any CPU.ActiveCfg = Debug|Any CPU
		{A2B3C4D5-E6F7-8901-BCDE-F123456789AB}.Debug|Any CPU.Build.0 = Debug|Any CPU
		{A2B3C4D5-E6F7-8901-BCDE-F123456789AB}.Release|Any CPU.ActiveCfg = Release|Any CPU
		{A2B3C4D5-E6F7-8901-BCDE-F123456789AB}.Release|Any CPU.Build.0 = Release|Any CPU
		{B3C4D5E6-F7A8-9012-CDEF-123456789ABC}.Debug|Any CPU.ActiveCfg = Debug|Any CPU
		{B3C4D5E6-F7A8-9012-CDEF-123456789ABC}.Debug|Any CPU.Build.0 = Debug|Any CPU
		{B3C4D5E6-F7A8-9012-CDEF-123456789ABC}.Release|Any CPU.ActiveCfg = Release|Any CPU
		{B3C4D5E6-F7A8-9012-CDEF-123456789ABC}.Release|Any CPU.Build.0 = Release|Any CPU
	EndGlobalSection
	GlobalSection(SolutionProperties) = preSolution
		HideSolutionNode = FALSE
	EndGlobalSection
	GlobalSection(ExtensibilityGlobals) = postSolution
		SolutionGuid = {0E7265F6-CE58-4F96-A611-F645BCA1097C}
	EndGlobalSection
EndGlobal
